<?xml version="1.0" encoding="UTF-8" standalone="yes" ?>
<CodeBlocks_project_file>
	<FileVersion major="1" minor="6" />
	<Project>
		<Option title="maike" />
		<Option pch_mode="2" />
		<Option compiler="gcc" />
		<Build>
			<Target title="Debug">
				<Option output="bin/Debug/maike" prefix_auto="1" extension_auto="1" />
				<Option working_dir="/home/torbjorr/Dokument/maike" />
				<Option object_output="obj/Debug/" />
				<Option type="1" />
				<Option compiler="gcc" />
				<Compiler>
					<Add option="-g" />
				</Compiler>
			</Target>
			<Target title="Release">
				<Option output="bin/Release/maike" prefix_auto="1" extension_auto="1" />
				<Option working_dir="/home/torbjorr/Dokument/maike" />
				<Option object_output="obj/Release/" />
				<Option type="1" />
				<Option compiler="gcc" />
				<Compiler>
					<Add option="-O2" />
				</Compiler>
				<Linker>
					<Add option="-s" />
				</Linker>
			</Target>
			<Target title="Release-lib">
				<Option output="bin/Release/maike" prefix_auto="1" extension_auto="1" />
				<Option working_dir="" />
				<Option object_output="obj/Release/" />
				<Option type="2" />
				<Option compiler="gcc" />
				<Compiler>
					<Add option="-O2" />
				</Compiler>
				<Linker>
					<Add option="-s" />
				</Linker>
			</Target>
		</Build>
		<Compiler>
			<Add option="-Wfloat-equal" />
			<Add option="-Wzero-as-null-pointer-constant" />
			<Add option="-Wall" />
			<Add option="-std=c++11" />
			<Add option="-Woverflow -Wconversion -Werror" />
		</Compiler>
		<Linker>
			<Add library="jansson" />
			<Add library="pthread" />
		</Linker>
		<Unit filename="datasink.hpp">
			<Option target="&lt;{~None~}&gt;" />
		</Unit>
		<Unit filename="datasinkstd-posix.cpp" />
		<Unit filename="datasinkstd.hpp">
			<Option target="&lt;{~None~}&gt;" />
		</Unit>
		<Unit filename="dependency.cpp" />
		<Unit filename="dependency.hpp">
			<Option target="&lt;{~None~}&gt;" />
		</Unit>
		<Unit filename="dependencygraph.hpp">
			<Option target="&lt;{~None~}&gt;" />
		</Unit>
		<Unit filename="dependencygraphdefault.cpp" />
		<Unit filename="dependencygraphdefault.hpp">
			<Option target="&lt;{~None~}&gt;" />
		</Unit>
		<Unit filename="directorylister-linuxgnu.cpp" />
		<Unit filename="directorylister.hpp">
			<Option target="&lt;{~None~}&gt;" />
		</Unit>
		<Unit filename="errormessage.cpp" />
		<Unit filename="errormessage.hpp" />
		<Unit filename="exceptionhandler.cpp" />
		<Unit filename="exceptionhandler.hpp" />
		<Unit filename="fileinfo-linuxgnu.cpp" />
		<Unit filename="fileinfo.hpp">
			<Option target="&lt;{~None~}&gt;" />
		</Unit>
		<Unit filename="invoker.hpp">
			<Option target="&lt;{~None~}&gt;" />
		</Unit>
		<Unit filename="invokerreal-linuxgnu.cpp" />
		<Unit filename="invokerreal.hpp">
			<Option target="&lt;{~None~}&gt;" />
		</Unit>
		<Unit filename="maike-main.cpp" />
		<Unit filename="maike.cpp" />
		<Unit filename="maike.hpp">
			<Option target="&lt;{~None~}&gt;" />
		</Unit>
		<Unit filename="spider.hpp">
			<Option target="&lt;{~None~}&gt;" />
		</Unit>
		<Unit filename="spiderdefault.cpp" />
		<Unit filename="spiderdefault.hpp">
			<Option target="&lt;{~None~}&gt;" />
		</Unit>
		<Unit filename="stringformat.cpp" />
		<Unit filename="stringformat.hpp" />
		<Unit filename="stringkey.hpp" />
		<Unit filename="target.hpp">
			<Option target="&lt;{~None~}&gt;" />
		</Unit>
		<Unit filename="targetbase.cpp" />
		<Unit filename="targetbase.hpp" />
		<Unit filename="targetcompiler.hpp" />
		<Unit filename="targetdirectory.cpp" />
		<Unit filename="targetdirectory.hpp" />
		<Unit filename="targetdirectorycompiler.cpp" />
		<Unit filename="targetdirectorycompiler.hpp" />
		<Unit filename="targetdirectoryloader.cpp" />
		<Unit filename="targetdirectoryloader.hpp">
			<Option target="&lt;{~None~}&gt;" />
		</Unit>
		<Unit filename="targetloader.hpp">
			<Option target="&lt;{~None~}&gt;" />
		</Unit>
		<Unit filename="twins.hpp">
			<Option target="&lt;{~None~}&gt;" />
		</Unit>
		<Unit filename="variant.hpp" />
		<Extensions>
			<code_completion />
			<envvars />
			<debugger />
			<lib_finder disable_auto="1" />
		</Extensions>
	</Project>
</CodeBlocks_project_file>
